<Solution>
  <Folder Name="/Task0/">
    <Project Path="Tyuiu.KonevkaAS.Sprint0.Task0.V0/Tyuiu.KonevkaAS.Sprint0.Task0.V0.csproj" Id="c1a61e2d-9d7a-46ee-81ce-9de27e64846f" />
  </Folder>
  <Folder Name="/Task1/">
    <Project Path="Tiuiu.KonevkaAS.Sprint0.Task1.V0/Tiuiu.KonevkaAS.Sprint0.Task1.V0.csproj" Id="c5880b9a-6d7b-457a-9896-42b66d21e8c5" />
  </Folder>
  <Folder Name="/Task2/">
    <Project Path="Tyuiu.KonevkaAS.Sprint0.Task2.V0.lib/Tyuiu.KonevkaAS.Sprint0.Task2.V0.lib.csproj" Id="8a1abe93-3ea4-4706-b127-b8d6f22cedce" />
    <Project Path="Tyuiu.KonevkaAS.Sprint0.Task2.V0.Test/Tyuiu.KonevkaAS.Sprint0.Task2.V0.Test.csproj" Id="a45c5f22-7042-48b7-a4e7-aee8b38d3613" />
    <Project Path="Tyuiu.KonevkaAS.Sprint0.Task2.V0/Tyuiu.KonevkaAS.Sprint0.Task2.V0.csproj" Id="52a23a20-87e7-490c-a995-d16ae4e23866" />
  </Folder>
  <Folder Name="/Task3/">
    <Project Path="Tyuiu.KonevkaAS.Sprint0.Task3.V0.Lib/Tyuiu.KonevkaAS.Sprint0.Task3.V0.Lib.csproj" Id="bef89919-00f3-458b-9e31-a830cebfd092" />
    <Project Path="Tyuiu.KonevkaAS.Sprint0.Task3.V0.Test/Tyuiu.KonevkaAS.Sprint0.Task3.V0.Test.csproj" Id="7ae1554b-8ef3-47ed-83d3-5b27a2b3e511" />
    <Project Path="Tyuiu.KonevkaAS.Sprint0.Task3.V0/Tyuiu.KonevkaAS.Sprint0.Task3.V0.csproj" Id="7c1bd37e-964c-4ff2-b28e-c1f4d0db8e0b" />
  </Folder>
  <Folder Name="/Task4/">
    <Project Path="Tyuiu.KonevkaAS.Sprint.Task4.V0.Lib/Tyuiu.KonevkaAS.Sprint0.Task4.V0.Lib.csproj" Id="049b72d3-7a9b-4d9a-a15c-c4e067ae8917" />
    <Project Path="Tyuiu.KonevkaAS.Sprint.Task4.V0.Test/Tyuiu.KonevkaAS.Sprint0.Task4.V0.Test.csproj" Id="3b35c3f9-452b-4971-be20-1d081f9e9283" />
    <Project Path="Tyuiu.KonevkaAS.Sprint.Task4.V0/Tyuiu.KonevkaAS.Sprint0.Task4.V0.csproj" Id="18dd42a2-3a85-4c7b-a7ff-81558eaeaa5e" />
  </Folder>
</Solution>
