<Solution>
  <Folder Name="/Task0/">
    <Project Path="Tyuiu.KonevkaAS.Sprint0.Task0.V0/Tyuiu.KonevkaAS.Sprint0.Task0.V0.csproj" Id="c1a61e2d-9d7a-46ee-81ce-9de27e64846f" />
  </Folder>
  <Folder Name="/Task1/">
    <Project Path="Tiuiu.KonevkaAS.Sprint0.Task1.V0/Tiuiu.KonevkaAS.Sprint0.Task1.V0.csproj" Id="c5880b9a-6d7b-457a-9896-42b66d21e8c5" />
  </Folder>
</Solution>
